github.com/cymertek/go-big v0.0.0-20221028234842-57aba6a92118 h1:sAOj2wqCcVkDVCJv0K0vNb5a7oXl99x4SfS6VJ8X+1A=
github.com/cymertek/go-big v0.0.0-20221028234842-57aba6a92118/go.mod h1:TZYlBarKGuOYqzwy7CD9iGlBLTpmGCvJnqKtDFJMPcQ=
golang.org/x/sys v0.0.0-20221006211917-84dc82d7e875 h1:AzgQNqF+FKwyQ5LbVrVqOcuuFB67N47F9+htZYH0wFM=
golang.org/x/sys v0.0.0-20221006211917-84dc82d7e875/go.mod h1:oPkhp1MJrh7nUepCBck5+mAzfO9JrbApNNgaTdGDITg=
